
Microsoft Visual Studio Solution File, Format Version 12.00
# Visual Studio Version 17
VisualStudioVersion = 17.8.34330.188
MinimumVisualStudioVersion = 10.0.40219.1
Project("{FAE04EC0-301F-11D3-BF4B-00C04F79EFBC}") = "RecipesProject", "RecipesProject\RecipesProject.csproj", "{C2764349-5EB0-4F92-8541-295C621DC45C}"
EndProject
Global
	GlobalSection(SolutionConfigurationPlatforms) = preSolution
		Debug|Any CPU = Debug|Any CPU
		Release|Any CPU = Release|Any CPU
	EndGlobalSection
	GlobalSection(ProjectConfigurationPlatforms) = postSolution
		{C2764349-5EB0-4F92-8541-295C621DC45C}.Debug|Any CPU.ActiveCfg = Debug|Any CPU
		{C2764349-5EB0-4F92-8541-295C621DC45C}.Debug|Any CPU.Build.0 = Debug|Any CPU
		{C2764349-5EB0-4F92-8541-295C621DC45C}.Release|Any CPU.ActiveCfg = Release|Any CPU
		{C2764349-5EB0-4F92-8541-295C621DC45C}.Release|Any CPU.Build.0 = Release|Any CPU
	EndGlobalSection
	GlobalSection(SolutionProperties) = preSolution
		HideSolutionNode = FALSE
	EndGlobalSection
	GlobalSection(ExtensibilityGlobals) = postSolution
		SolutionGuid = {0C2F5D22-F5D4-4771-AEC6-275BB76C3C54}
	EndGlobalSection
EndGlobal
